
Microsoft Visual Studio Solution File, Format Version 12.00
# Visual Studio Version 16
VisualStudioVersion = 16.0.31910.168
MinimumVisualStudioVersion = 10.0.40219.1
Project("{FAE04EC0-301F-11D3-BF4B-00C04F79EFBC}") = "EventExample", "EventExample.csproj", "{AB63207A-9BB5-44CC-848F-A9A51BFDEBCB}"
EndProject
Global
	GlobalSection(SolutionConfigurationPlatforms) = preSolution
		Debug|Any CPU = Debug|Any CPU
		Release|Any CPU = Release|Any CPU
	EndGlobalSection
	GlobalSection(ProjectConfigurationPlatforms) = postSolution
		{AB63207A-9BB5-44CC-848F-A9A51BFDEBCB}.Debug|Any CPU.ActiveCfg = Debug|Any CPU
		{AB63207A-9BB5-44CC-848F-A9A51BFDEBCB}.Debug|Any CPU.Build.0 = Debug|Any CPU
		{AB63207A-9BB5-44CC-848F-A9A51BFDEBCB}.Release|Any CPU.ActiveCfg = Release|Any CPU
		{AB63207A-9BB5-44CC-848F-A9A51BFDEBCB}.Release|Any CPU.Build.0 = Release|Any CPU
	EndGlobalSection
	GlobalSection(SolutionProperties) = preSolution
		HideSolutionNode = FALSE
	EndGlobalSection
	GlobalSection(ExtensibilityGlobals) = postSolution
		SolutionGuid = {0B9E255F-9594-428E-945B-656F9C4B5D05}
	EndGlobalSection
EndGlobal
